{
  "R": {
    "Version": "3.6.2",
    "Repositories": [
      {
        "Name": "REPO_NAME",
        "URL": "https://packagemanager.rstudio.com/all/352"
      }
    ]
  },
  "Packages": {
    "MASS": {
      "Package": "MASS",
      "Version": "7.3-51.4",
      "Source": "Repository",
      "Repository": "CRAN",
      "Hash": "a94714e63996bc284b8795ec50defc07"
    },
    "palmerpenguins": {
      "Package": "palmerpenguins",
      "Version": "0.1.0",
      "Source": "Repository",
      "Repository": "CRAN",
      "Hash": "9a455031890b2adf20e19784a114ddd4"
    }
  }
}
